
Microsoft Visual Studio Solution File, Format Version 12.00
# Visual Studio 14
VisualStudioVersion = 14.0.25420.1
MinimumVisualStudioVersion = 10.0.40219.1
Project("{FAE04EC0-301F-11D3-BF4B-00C04F79EFBC}") = "BYS.OA.Model", "BYS.OA.Model\BYS.OA.Model.csproj", "{7DA38D6A-92A5-4098-A002-A42FA5CBEA52}"
EndProject
Project("{FAE04EC0-301F-11D3-BF4B-00C04F79EFBC}") = "BYS.OA.EFDAL", "BYS.OA.EFDAL\BYS.OA.EFDAL.csproj", "{339D5492-4AC2-42DF-99A0-FB6A9882F597}"
EndProject
Project("{FAE04EC0-301F-11D3-BF4B-00C04F79EFBC}") = "BYS.OA.BLL", "BYS.OA.BLL\BYS.OA.BLL.csproj", "{4D490000-E8A9-4059-922A-1188C3DCD9B7}"
EndProject
Project("{FAE04EC0-301F-11D3-BF4B-00C04F79EFBC}") = "BYS.OA.Common", "BYS.OA.Common\BYS.OA.Common.csproj", "{F1640A27-3355-476D-9051-70B4C7E2651D}"
EndProject
Project("{FAE04EC0-301F-11D3-BF4B-00C04F79EFBC}") = "BYS.OA.UI.Portal", "BYS.OA.UI.Portal\BYS.OA.UI.Portal.csproj", "{ED22BCCE-781A-4474-8806-10ED6FAD189B}"
EndProject
Project("{FAE04EC0-301F-11D3-BF4B-00C04F79EFBC}") = "BYS.OA.UnitTest", "BYS.OA.UnitTest\BYS.OA.UnitTest.csproj", "{293C7932-9C69-481E-8C43-8D06AB3A4FD3}"
EndProject
Project("{FAE04EC0-301F-11D3-BF4B-00C04F79EFBC}") = "BYS.OA.IDal", "IDal\BYS.OA.IDal.csproj", "{5C4814E7-9A1F-4CE6-BEAB-365D8BED6ADD}"
EndProject
Project("{FAE04EC0-301F-11D3-BF4B-00C04F79EFBC}") = "BYS.OA.DALFactory", "BYS.OA.DALFactory\BYS.OA.DALFactory.csproj", "{68A3454B-80BB-4604-8E91-B1620445FB87}"
EndProject
Project("{FAE04EC0-301F-11D3-BF4B-00C04F79EFBC}") = "BYS.OA.IBLL", "BYS.OA.IBLL\BYS.OA.IBLL.csproj", "{1F1E5CDC-3482-4674-A4CC-B0E315520FAE}"
EndProject
Project("{2150E333-8FDC-42A3-9474-1A3956D46DE8}") = "DAL", "DAL", "{961E980A-B426-4A4A-9C13-20E2405860CD}"
EndProject
Project("{2150E333-8FDC-42A3-9474-1A3956D46DE8}") = "BLL", "BLL", "{CA6675C5-ECF4-4C2F-AE56-3965B84DF5D4}"
EndProject
Project("{2150E333-8FDC-42A3-9474-1A3956D46DE8}") = "Model", "Model", "{2585125E-3FD1-4D3C-BDBE-9C67FEE0A2C1}"
EndProject
Project("{2150E333-8FDC-42A3-9474-1A3956D46DE8}") = "Common", "Common", "{001B198D-65E8-47CF-BBD4-99D2EF0AE341}"
EndProject
Project("{2150E333-8FDC-42A3-9474-1A3956D46DE8}") = "UI", "UI", "{0B129789-50BE-4D67-BB8C-F27241C6212C}"
EndProject
Project("{2150E333-8FDC-42A3-9474-1A3956D46DE8}") = "UnitTest", "UnitTest", "{0C743E33-E72F-4DEB-A71A-3F9411F870E3}"
EndProject
Project("{2150E333-8FDC-42A3-9474-1A3956D46DE8}") = "Demo", "Demo", "{BA61938D-D2F9-4020-89B3-0A3DCE5FF655}"
EndProject
Project("{FAE04EC0-301F-11D3-BF4B-00C04F79EFBC}") = "SpringNetDemo", "SpringNetDemo\SpringNetDemo.csproj", "{541428B7-4220-4091-9796-DB6C4CFA3BAB}"
EndProject
Project("{FAE04EC0-301F-11D3-BF4B-00C04F79EFBC}") = "T4Demo", "T4Demo\T4Demo.csproj", "{AD133A7A-F6FB-4FE8-B4FB-E1A0519A891A}"
EndProject
Project("{FAE04EC0-301F-11D3-BF4B-00C04F79EFBC}") = "Log4NetDemo", "Log4NetDemo\Log4NetDemo.csproj", "{E44A0612-38F5-4DC2-B002-05EA2F9B2E70}"
EndProject
Global
	GlobalSection(SolutionConfigurationPlatforms) = preSolution
		Debug|Any CPU = Debug|Any CPU
		Release|Any CPU = Release|Any CPU
	EndGlobalSection
	GlobalSection(ProjectConfigurationPlatforms) = postSolution
		{7DA38D6A-92A5-4098-A002-A42FA5CBEA52}.Debug|Any CPU.ActiveCfg = Debug|Any CPU
		{7DA38D6A-92A5-4098-A002-A42FA5CBEA52}.Debug|Any CPU.Build.0 = Debug|Any CPU
		{7DA38D6A-92A5-4098-A002-A42FA5CBEA52}.Release|Any CPU.ActiveCfg = Release|Any CPU
		{7DA38D6A-92A5-4098-A002-A42FA5CBEA52}.Release|Any CPU.Build.0 = Release|Any CPU
		{339D5492-4AC2-42DF-99A0-FB6A9882F597}.Debug|Any CPU.ActiveCfg = Debug|Any CPU
		{339D5492-4AC2-42DF-99A0-FB6A9882F597}.Debug|Any CPU.Build.0 = Debug|Any CPU
		{339D5492-4AC2-42DF-99A0-FB6A9882F597}.Release|Any CPU.ActiveCfg = Release|Any CPU
		{339D5492-4AC2-42DF-99A0-FB6A9882F597}.Release|Any CPU.Build.0 = Release|Any CPU
		{4D490000-E8A9-4059-922A-1188C3DCD9B7}.Debug|Any CPU.ActiveCfg = Debug|Any CPU
		{4D490000-E8A9-4059-922A-1188C3DCD9B7}.Debug|Any CPU.Build.0 = Debug|Any CPU
		{4D490000-E8A9-4059-922A-1188C3DCD9B7}.Release|Any CPU.ActiveCfg = Release|Any CPU
		{4D490000-E8A9-4059-922A-1188C3DCD9B7}.Release|Any CPU.Build.0 = Release|Any CPU
		{F1640A27-3355-476D-9051-70B4C7E2651D}.Debug|Any CPU.ActiveCfg = Debug|Any CPU
		{F1640A27-3355-476D-9051-70B4C7E2651D}.Debug|Any CPU.Build.0 = Debug|Any CPU
		{F1640A27-3355-476D-9051-70B4C7E2651D}.Release|Any CPU.ActiveCfg = Release|Any CPU
		{F1640A27-3355-476D-9051-70B4C7E2651D}.Release|Any CPU.Build.0 = Release|Any CPU
		{ED22BCCE-781A-4474-8806-10ED6FAD189B}.Debug|Any CPU.ActiveCfg = Debug|Any CPU
		{ED22BCCE-781A-4474-8806-10ED6FAD189B}.Debug|Any CPU.Build.0 = Debug|Any CPU
		{ED22BCCE-781A-4474-8806-10ED6FAD189B}.Release|Any CPU.ActiveCfg = Release|Any CPU
		{ED22BCCE-781A-4474-8806-10ED6FAD189B}.Release|Any CPU.Build.0 = Release|Any CPU
		{293C7932-9C69-481E-8C43-8D06AB3A4FD3}.Debug|Any CPU.ActiveCfg = Debug|Any CPU
		{293C7932-9C69-481E-8C43-8D06AB3A4FD3}.Debug|Any CPU.Build.0 = Debug|Any CPU
		{293C7932-9C69-481E-8C43-8D06AB3A4FD3}.Release|Any CPU.ActiveCfg = Release|Any CPU
		{293C7932-9C69-481E-8C43-8D06AB3A4FD3}.Release|Any CPU.Build.0 = Release|Any CPU
		{5C4814E7-9A1F-4CE6-BEAB-365D8BED6ADD}.Debug|Any CPU.ActiveCfg = Debug|Any CPU
		{5C4814E7-9A1F-4CE6-BEAB-365D8BED6ADD}.Debug|Any CPU.Build.0 = Debug|Any CPU
		{5C4814E7-9A1F-4CE6-BEAB-365D8BED6ADD}.Release|Any CPU.ActiveCfg = Release|Any CPU
		{5C4814E7-9A1F-4CE6-BEAB-365D8BED6ADD}.Release|Any CPU.Build.0 = Release|Any CPU
		{68A3454B-80BB-4604-8E91-B1620445FB87}.Debug|Any CPU.ActiveCfg = Debug|Any CPU
		{68A3454B-80BB-4604-8E91-B1620445FB87}.Debug|Any CPU.Build.0 = Debug|Any CPU
		{68A3454B-80BB-4604-8E91-B1620445FB87}.Release|Any CPU.ActiveCfg = Release|Any CPU
		{68A3454B-80BB-4604-8E91-B1620445FB87}.Release|Any CPU.Build.0 = Release|Any CPU
		{1F1E5CDC-3482-4674-A4CC-B0E315520FAE}.Debug|Any CPU.ActiveCfg = Debug|Any CPU
		{1F1E5CDC-3482-4674-A4CC-B0E315520FAE}.Debug|Any CPU.Build.0 = Debug|Any CPU
		{1F1E5CDC-3482-4674-A4CC-B0E315520FAE}.Release|Any CPU.ActiveCfg = Release|Any CPU
		{1F1E5CDC-3482-4674-A4CC-B0E315520FAE}.Release|Any CPU.Build.0 = Release|Any CPU
		{541428B7-4220-4091-9796-DB6C4CFA3BAB}.Debug|Any CPU.ActiveCfg = Debug|Any CPU
		{541428B7-4220-4091-9796-DB6C4CFA3BAB}.Debug|Any CPU.Build.0 = Debug|Any CPU
		{541428B7-4220-4091-9796-DB6C4CFA3BAB}.Release|Any CPU.ActiveCfg = Release|Any CPU
		{541428B7-4220-4091-9796-DB6C4CFA3BAB}.Release|Any CPU.Build.0 = Release|Any CPU
		{AD133A7A-F6FB-4FE8-B4FB-E1A0519A891A}.Debug|Any CPU.ActiveCfg = Debug|Any CPU
		{AD133A7A-F6FB-4FE8-B4FB-E1A0519A891A}.Debug|Any CPU.Build.0 = Debug|Any CPU
		{AD133A7A-F6FB-4FE8-B4FB-E1A0519A891A}.Release|Any CPU.ActiveCfg = Release|Any CPU
		{AD133A7A-F6FB-4FE8-B4FB-E1A0519A891A}.Release|Any CPU.Build.0 = Release|Any CPU
		{E44A0612-38F5-4DC2-B002-05EA2F9B2E70}.Debug|Any CPU.ActiveCfg = Debug|Any CPU
		{E44A0612-38F5-4DC2-B002-05EA2F9B2E70}.Debug|Any CPU.Build.0 = Debug|Any CPU
		{E44A0612-38F5-4DC2-B002-05EA2F9B2E70}.Release|Any CPU.ActiveCfg = Release|Any CPU
		{E44A0612-38F5-4DC2-B002-05EA2F9B2E70}.Release|Any CPU.Build.0 = Release|Any CPU
	EndGlobalSection
	GlobalSection(SolutionProperties) = preSolution
		HideSolutionNode = FALSE
	EndGlobalSection
	GlobalSection(NestedProjects) = preSolution
		{7DA38D6A-92A5-4098-A002-A42FA5CBEA52} = {2585125E-3FD1-4D3C-BDBE-9C67FEE0A2C1}
		{339D5492-4AC2-42DF-99A0-FB6A9882F597} = {961E980A-B426-4A4A-9C13-20E2405860CD}
		{4D490000-E8A9-4059-922A-1188C3DCD9B7} = {CA6675C5-ECF4-4C2F-AE56-3965B84DF5D4}
		{F1640A27-3355-476D-9051-70B4C7E2651D} = {001B198D-65E8-47CF-BBD4-99D2EF0AE341}
		{ED22BCCE-781A-4474-8806-10ED6FAD189B} = {0B129789-50BE-4D67-BB8C-F27241C6212C}
		{293C7932-9C69-481E-8C43-8D06AB3A4FD3} = {0C743E33-E72F-4DEB-A71A-3F9411F870E3}
		{5C4814E7-9A1F-4CE6-BEAB-365D8BED6ADD} = {961E980A-B426-4A4A-9C13-20E2405860CD}
		{68A3454B-80BB-4604-8E91-B1620445FB87} = {961E980A-B426-4A4A-9C13-20E2405860CD}
		{1F1E5CDC-3482-4674-A4CC-B0E315520FAE} = {CA6675C5-ECF4-4C2F-AE56-3965B84DF5D4}
		{541428B7-4220-4091-9796-DB6C4CFA3BAB} = {BA61938D-D2F9-4020-89B3-0A3DCE5FF655}
		{AD133A7A-F6FB-4FE8-B4FB-E1A0519A891A} = {BA61938D-D2F9-4020-89B3-0A3DCE5FF655}
		{E44A0612-38F5-4DC2-B002-05EA2F9B2E70} = {BA61938D-D2F9-4020-89B3-0A3DCE5FF655}
	EndGlobalSection
EndGlobal
